
Microsoft Visual Studio Solution File, Format Version 12.00
# Visual Studio Version 17
VisualStudioVersion = 17.9.34701.34
MinimumVisualStudioVersion = 10.0.40219.1
Project("{FAE04EC0-301F-11D3-BF4B-00C04F79EFBC}") = "WebApplicationVMS", "WebApplicationVMS\WebApplicationVMS.csproj", "{FA1D12FA-7790-459A-9FEB-F4903623D22E}"
EndProject
Global
	GlobalSection(SolutionConfigurationPlatforms) = preSolution
		Debug|Any CPU = Debug|Any CPU
		Release|Any CPU = Release|Any CPU
	EndGlobalSection
	GlobalSection(ProjectConfigurationPlatforms) = postSolution
		{FA1D12FA-7790-459A-9FEB-F4903623D22E}.Debug|Any CPU.ActiveCfg = Debug|Any CPU
		{FA1D12FA-7790-459A-9FEB-F4903623D22E}.Debug|Any CPU.Build.0 = Debug|Any CPU
		{FA1D12FA-7790-459A-9FEB-F4903623D22E}.Release|Any CPU.ActiveCfg = Release|Any CPU
		{FA1D12FA-7790-459A-9FEB-F4903623D22E}.Release|Any CPU.Build.0 = Release|Any CPU
	EndGlobalSection
	GlobalSection(SolutionProperties) = preSolution
		HideSolutionNode = FALSE
	EndGlobalSection
	GlobalSection(ExtensibilityGlobals) = postSolution
		SolutionGuid = {5ACFEE8D-BD0F-4635-8CB0-1651DC89B97E}
	EndGlobalSection
EndGlobal
